
Microsoft Visual Studio Solution File, Format Version 12.00
# Visual Studio Version 16
VisualStudioVersion = 25.0.1705.6
MinimumVisualStudioVersion = 10.0.40219.1
Project("{FAE04EC0-301F-11D3-BF4B-00C04F79EFBC}") = "Lesson2", "Lesson2\Lesson2.csproj", "{7CBC9F8F-806A-4DE0-B843-6D345FA3F549}"
EndProject
Global
	GlobalSection(SolutionConfigurationPlatforms) = preSolution
		Debug|Any CPU = Debug|Any CPU
		Release|Any CPU = Release|Any CPU
	EndGlobalSection
	GlobalSection(ProjectConfigurationPlatforms) = postSolution
		{7CBC9F8F-806A-4DE0-B843-6D345FA3F549}.Debug|Any CPU.ActiveCfg = Debug|Any CPU
		{7CBC9F8F-806A-4DE0-B843-6D345FA3F549}.Debug|Any CPU.Build.0 = Debug|Any CPU
		{7CBC9F8F-806A-4DE0-B843-6D345FA3F549}.Release|Any CPU.ActiveCfg = Release|Any CPU
		{7CBC9F8F-806A-4DE0-B843-6D345FA3F549}.Release|Any CPU.Build.0 = Release|Any CPU
	EndGlobalSection
	GlobalSection(SolutionProperties) = preSolution
		HideSolutionNode = FALSE
	EndGlobalSection
	GlobalSection(ExtensibilityGlobals) = postSolution
		SolutionGuid = {C16017A9-3D15-4F61-B1E7-B745B9C16F90}
	EndGlobalSection
EndGlobal
